<?xml version="1.0" encoding="utf-8"?>
<Project ToolsVersion="4.0" xmlns="http://schemas.microsoft.com/developer/msbuild/2003">
  <ItemGroup>
    <Filter Include="Quelldateien">
      <UniqueIdentifier>{4FC737F1-C7A5-4376-A066-2A32D752A2FF}</UniqueIdentifier>
      <Extensions>cpp;c;cc;cxx;c++;cppm;ixx;def;odl;idl;hpj;bat;asm;asmx</Extensions>
    </Filter>
    <Filter Include="Headerdateien">
      <UniqueIdentifier>{93995380-89BD-4b04-88EB-625FBE52EBFB}</UniqueIdentifier>
      <Extensions>h;hh;hpp;hxx;h++;hm;inl;inc;ipp;xsd</Extensions>
    </Filter>
    <Filter Include="Ressourcendateien">
      <UniqueIdentifier>{67DA6AB6-F800-4c08-8B7A-83BB121AAD01}</UniqueIdentifier>
      <Extensions>rc;ico;cur;bmp;dlg;rc2;rct;bin;rgs;gif;jpg;jpeg;jpe;resx;tiff;tif;png;wav;mfcribbon-ms</Extensions>
    </Filter>
  </ItemGroup>
  <ItemGroup>
    <ClCompile Include="motion.cpp">
      <Filter>Quelldateien</Filter>
    </ClCompile>
    <ClCompile Include="axis.cpp">
      <Filter>Quelldateien</Filter>
    </ClCompile>
    <ClCompile Include="CollisionAvoidance.cpp">
      <Filter>Quelldateien</Filter>
    </ClCompile>
    <ClCompile Include="src_vs\arduino.cpp">
      <Filter>Quelldateien</Filter>
    </ClCompile>
    <ClCompile Include="src_vs\Motion_Interpolator.cpp">
      <Filter>Quelldateien</Filter>
    </ClCompile>
    <ClCompile Include="Kinematik.cpp">
      <Filter>Quelldateien</Filter>
    </ClCompile>
  </ItemGroup>
  <ItemGroup>
    <ClInclude Include="axis.h">
      <Filter>Headerdateien</Filter>
    </ClInclude>
    <ClInclude Include="motion.h">
      <Filter>Headerdateien</Filter>
    </ClInclude>
    <ClInclude Include="CollisionAvoidance.h">
      <Filter>Headerdateien</Filter>
    </ClInclude>
    <ClInclude Include="collisiondata.h">
      <Filter>Headerdateien</Filter>
    </ClInclude>
    <ClInclude Include="collisiondata_rle.h">
      <Filter>Headerdateien</Filter>
    </ClInclude>
    <ClInclude Include="src_vs\arduino.h">
      <Filter>Headerdateien</Filter>
    </ClInclude>
    <ClInclude Include="Kinematik.h">
      <Filter>Headerdateien</Filter>
    </ClInclude>
  </ItemGroup>
</Project>